// !$*UTF8*$!
{
	archiveVersion = 1;
	classes = {
	};
	objectVersion = 70;
	objects = {

/* Begin PBXBuildFile section */
		1A000000000000000000001C /* TonnageCore in Frameworks */ = {isa = PBXBuildFile; productRef = 1A000000000000000000001D /* TonnageCore */; };
		1A0000000000000000000029 /* TonnageCore in Frameworks */ = {isa = PBXBuildFile; productRef = 1A000000000000000000002A /* TonnageCore */; };
		1A000000000000000000002B /* Tonnage Watch App.app in Embed Watch Content */ = {isa = PBXBuildFile; fileRef = 1A0000000000000000000027 /* Tonnage Watch App.app */; settings = {ATTRIBUTES = (RemoveHeadersOnCopy, ); }; };
		1A000000000000000000003C /* TonnageCore in Frameworks */ = {isa = PBXBuildFile; productRef = 1A000000000000000000003D /* TonnageCore */; };
		1A000000000000000000003E /* TonnageCore in Frameworks */ = {isa = PBXBuildFile; productRef = 1A000000000000000000003F /* TonnageCore */; };
		581C8E232FC4C4C40092E1E0 /* WidgetKit.framework in Frameworks */ = {isa = PBXBuildFile; fileRef = 581C8E222FC4C4C40092E1E0 /* WidgetKit.framework */; };
		581C8E252FC4C4C40092E1E0 /* SwiftUI.framework in Frameworks */ = {isa = PBXBuildFile; fileRef = 581C8E242FC4C4C40092E1E0 /* SwiftUI.framework */; };
		581C8E342FC4C4C50092E1E0 /* TonnageWidgetsExtension.appex in Embed Foundation Extensions */ = {isa = PBXBuildFile; fileRef = 581C8E202FC4C4C40092E1E0 /* TonnageWidgetsExtension.appex */; settings = {ATTRIBUTES = (RemoveHeadersOnCopy, ); }; };
		581C8FE82FC4CC2F0092E1E0 /* WidgetKit.framework in Frameworks */ = {isa = PBXBuildFile; fileRef = 581C8E222FC4C4C40092E1E0 /* WidgetKit.framework */; };
		581C8FE92FC4CC2F0092E1E0 /* SwiftUI.framework in Frameworks */ = {isa = PBXBuildFile; fileRef = 581C8E242FC4C4C40092E1E0 /* SwiftUI.framework */; };
		581C8FF82FC4CC2F0092E1E0 /* TonnageWatchWidgets.appex in Embed Foundation Extensions */ = {isa = PBXBuildFile; fileRef = 581C8FE72FC4CC2F0092E1E0 /* TonnageWatchWidgets.appex */; settings = {ATTRIBUTES = (RemoveHeadersOnCopy, ); }; };
/* End PBXBuildFile section */

/* Begin PBXContainerItemProxy section */
		1A000000000000000000001B /* PBXContainerItemProxy */ = {
			isa = PBXContainerItemProxy;
			containerPortal = 1A00000000000000000000A1 /* Project object */;
			proxyType = 1;
			remoteGlobalIDString = 1A0000000000000000000020;
			remoteInfo = "Tonnage Watch App";
		};
		581C8E322FC4C4C50092E1E0 /* PBXContainerItemProxy */ = {
			isa = PBXContainerItemProxy;
			containerPortal = 1A00000000000000000000A1 /* Project object */;
			proxyType = 1;
			remoteGlobalIDString = 581C8E1F2FC4C4C40092E1E0;
			remoteInfo = TonnageWidgetsExtension;
		};
		581C8FF62FC4CC2F0092E1E0 /* PBXContainerItemProxy */ = {
			isa = PBXContainerItemProxy;
			containerPortal = 1A00000000000000000000A1 /* Project object */;
			proxyType = 1;
			remoteGlobalIDString = 581C8FE62FC4CC2F0092E1E0;
			remoteInfo = TonnageWidgetsExtension;
		};
		581C9AFC2FD5DD670092E1E0 /* PBXContainerItemProxy */ = {
			isa = PBXContainerItemProxy;
			containerPortal = 1A00000000000000000000A1 /* Project object */;
			proxyType = 1;
			remoteGlobalIDString = 1A0000000000000000000010;
			remoteInfo = Tonnage;
		};
/* End PBXContainerItemProxy section */

/* Begin PBXCopyFilesBuildPhase section */
		1A0000000000000000000017 /* Embed Watch Content */ = {
			isa = PBXCopyFilesBuildPhase;
			buildActionMask = 2147483647;
			dstPath = "$(CONTENTS_FOLDER_PATH)/Watch";
			dstSubfolderSpec = 16;
			files = (
				1A000000000000000000002B /* Tonnage Watch App.app in Embed Watch Content */,
			);
			name = "Embed Watch Content";
			runOnlyForDeploymentPostprocessing = 0;
		};
		581C8E352FC4C4C50092E1E0 /* Embed Foundation Extensions */ = {
			isa = PBXCopyFilesBuildPhase;
			buildActionMask = 2147483647;
			dstPath = "";
			dstSubfolderSpec = 13;
			files = (
				581C8E342FC4C4C50092E1E0 /* TonnageWidgetsExtension.appex in Embed Foundation Extensions */,
			);
			name = "Embed Foundation Extensions";
			runOnlyForDeploymentPostprocessing = 0;
		};
		581C8FD62FC4CBAA0092E1E0 /* Embed Foundation Extensions */ = {
			isa = PBXCopyFilesBuildPhase;
			buildActionMask = 2147483647;
			dstPath = "";
			dstSubfolderSpec = 13;
			files = (
				581C8FF82FC4CC2F0092E1E0 /* TonnageWatchWidgets.appex in Embed Foundation Extensions */,
			);
			name = "Embed Foundation Extensions";
			runOnlyForDeploymentPostprocessing = 0;
		};
/* End PBXCopyFilesBuildPhase section */

/* Begin PBXFileReference section */
		1A0000000000000000000018 /* Tonnage.app */ = {isa = PBXFileReference; explicitFileType = wrapper.application; includeInIndex = 0; path = Tonnage.app; sourceTree = BUILT_PRODUCTS_DIR; };
		1A0000000000000000000027 /* Tonnage Watch App.app */ = {isa = PBXFileReference; explicitFileType = wrapper.application; includeInIndex = 0; path = "Tonnage Watch App.app"; sourceTree = BUILT_PRODUCTS_DIR; };
		581C8E202FC4C4C40092E1E0 /* TonnageWidgetsExtension.appex */ = {isa = PBXFileReference; explicitFileType = "wrapper.app-extension"; includeInIndex = 0; path = TonnageWidgetsExtension.appex; sourceTree = BUILT_PRODUCTS_DIR; };
		581C8E222FC4C4C40092E1E0 /* WidgetKit.framework */ = {isa = PBXFileReference; lastKnownFileType = wrapper.framework; name = WidgetKit.framework; path = System/Library/Frameworks/WidgetKit.framework; sourceTree = SDKROOT; };
		581C8E242FC4C4C40092E1E0 /* SwiftUI.framework */ = {isa = PBXFileReference; lastKnownFileType = wrapper.framework; name = SwiftUI.framework; path = System/Library/Frameworks/SwiftUI.framework; sourceTree = SDKROOT; };
		581C8FBB2FC4C8FC0092E1E0 /* TonnageWidgetsExtension.entitlements */ = {isa = PBXFileReference; lastKnownFileType = text.plist.entitlements; path = TonnageWidgetsExtension.entitlements; sourceTree = "<group>"; };
		581C8FE72FC4CC2F0092E1E0 /* TonnageWatchWidgets.appex */ = {isa = PBXFileReference; explicitFileType = "wrapper.app-extension"; includeInIndex = 0; path = TonnageWatchWidgets.appex; sourceTree = BUILT_PRODUCTS_DIR; };
		581C90042FC4CCD10092E1E0 /* TonnageWatchWidgets.entitlements */ = {isa = PBXFileReference; lastKnownFileType = text.plist.entitlements; path = TonnageWatchWidgets.entitlements; sourceTree = "<group>"; };
		581C9AF82FD5DD670092E1E0 /* PersistenceIntegrationTests.xctest */ = {isa = PBXFileReference; explicitFileType = wrapper.cfbundle; includeInIndex = 0; path = PersistenceIntegrationTests.xctest; sourceTree = BUILT_PRODUCTS_DIR; };
/* End PBXFileReference section */

/* Begin PBXFileSystemSynchronizedBuildFileExceptionSet section */
		581C8E382FC4C4C50092E1E0 /* PBXFileSystemSynchronizedBuildFileExceptionSet */ = {
			isa = PBXFileSystemSynchronizedBuildFileExceptionSet;
			membershipExceptions = (
				Info.plist,
			);
			target = 581C8E1F2FC4C4C40092E1E0 /* TonnageWidgetsExtension */;
		};
		581C8FF92FC4CC2F0092E1E0 /* PBXFileSystemSynchronizedBuildFileExceptionSet */ = {
			isa = PBXFileSystemSynchronizedBuildFileExceptionSet;
			membershipExceptions = (
				Info.plist,
			);
			target = 581C8FE62FC4CC2F0092E1E0 /* TonnageWatchWidgets */;
		};
		581C93082FC4D5680092E1E0 /* PBXFileSystemSynchronizedBuildFileExceptionSet */ = {
			isa = PBXFileSystemSynchronizedBuildFileExceptionSet;
			membershipExceptions = (
				Info.plist,
			);
			target = 1A0000000000000000000010 /* Tonnage */;
		};
/* End PBXFileSystemSynchronizedBuildFileExceptionSet section */

/* Begin PBXFileSystemSynchronizedRootGroup section */
		1A0000000000000000000019 /* Tonnage */ = {isa = PBXFileSystemSynchronizedRootGroup; exceptions = (581C93082FC4D5680092E1E0 /* PBXFileSystemSynchronizedBuildFileExceptionSet */, ); explicitFileTypes = {}; explicitFolders = (); path = Tonnage; sourceTree = "<group>"; };
		1A0000000000000000000028 /* Tonnage Watch App */ = {isa = PBXFileSystemSynchronizedRootGroup; explicitFileTypes = {}; explicitFolders = (); path = "Tonnage Watch App"; sourceTree = "<group>"; };
		581C8E262FC4C4C40092E1E0 /* TonnageWidgets */ = {isa = PBXFileSystemSynchronizedRootGroup; exceptions = (581C8E382FC4C4C50092E1E0 /* PBXFileSystemSynchronizedBuildFileExceptionSet */, ); explicitFileTypes = {}; explicitFolders = (); path = TonnageWidgets; sourceTree = "<group>"; };
		581C8FEA2FC4CC2F0092E1E0 /* TonnageWatchWidgets */ = {isa = PBXFileSystemSynchronizedRootGroup; exceptions = (581C8FF92FC4CC2F0092E1E0 /* PBXFileSystemSynchronizedBuildFileExceptionSet */, ); explicitFileTypes = {}; explicitFolders = (); path = TonnageWatchWidgets; sourceTree = "<group>"; };
		581C9AF92FD5DD670092E1E0 /* PersistenceIntegrationTests */ = {isa = PBXFileSystemSynchronizedRootGroup; explicitFileTypes = {}; explicitFolders = (); path = PersistenceIntegrationTests; sourceTree = "<group>"; };
/* End PBXFileSystemSynchronizedRootGroup section */

/* Begin PBXFrameworksBuildPhase section */
		1A0000000000000000000015 /* Frameworks */ = {
			isa = PBXFrameworksBuildPhase;
			buildActionMask = 2147483647;
			files = (
				1A000000000000000000001C /* TonnageCore in Frameworks */,
			);
			runOnlyForDeploymentPostprocessing = 0;
		};
		1A0000000000000000000025 /* Frameworks */ = {
			isa = PBXFrameworksBuildPhase;
			buildActionMask = 2147483647;
			files = (
				1A0000000000000000000029 /* TonnageCore in Frameworks */,
			);
			runOnlyForDeploymentPostprocessing = 0;
		};
		581C8E1D2FC4C4C40092E1E0 /* Frameworks */ = {
			isa = PBXFrameworksBuildPhase;
			buildActionMask = 2147483647;
			files = (
				581C8E252FC4C4C40092E1E0 /* SwiftUI.framework in Frameworks */,
				581C8E232FC4C4C40092E1E0 /* WidgetKit.framework in Frameworks */,
				1A000000000000000000003C /* TonnageCore in Frameworks */,
			);
			runOnlyForDeploymentPostprocessing = 0;
		};
		581C8FE42FC4CC2F0092E1E0 /* Frameworks */ = {
			isa = PBXFrameworksBuildPhase;
			buildActionMask = 2147483647;
			files = (
				581C8FE92FC4CC2F0092E1E0 /* SwiftUI.framework in Frameworks */,
				581C8FE82FC4CC2F0092E1E0 /* WidgetKit.framework in Frameworks */,
				1A000000000000000000003E /* TonnageCore in Frameworks */,
			);
			runOnlyForDeploymentPostprocessing = 0;
		};
		581C9AF52FD5DD670092E1E0 /* Frameworks */ = {
			isa = PBXFrameworksBuildPhase;
			buildActionMask = 2147483647;
			files = (
			);
			runOnlyForDeploymentPostprocessing = 0;
		};
/* End PBXFrameworksBuildPhase section */

/* Begin PBXGroup section */
		1A00000000000000000000A2 = {
			isa = PBXGroup;
			children = (
				581C90042FC4CCD10092E1E0 /* TonnageWatchWidgets.entitlements */,
				581C8FBB2FC4C8FC0092E1E0 /* TonnageWidgetsExtension.entitlements */,
				1A0000000000000000000019 /* Tonnage */,
				1A0000000000000000000028 /* Tonnage Watch App */,
				581C8E262FC4C4C40092E1E0 /* TonnageWidgets */,
				581C8FEA2FC4CC2F0092E1E0 /* TonnageWatchWidgets */,
				581C9AF92FD5DD670092E1E0 /* PersistenceIntegrationTests */,
				581C8E212FC4C4C40092E1E0 /* Frameworks */,
				1A00000000000000000000A3 /* Products */,
			);
			sourceTree = "<group>";
		};
		1A00000000000000000000A3 /* Products */ = {
			isa = PBXGroup;
			children = (
				1A0000000000000000000018 /* Tonnage.app */,
				1A0000000000000000000027 /* Tonnage Watch App.app */,
				581C8E202FC4C4C40092E1E0 /* TonnageWidgetsExtension.appex */,
				581C8FE72FC4CC2F0092E1E0 /* TonnageWatchWidgets.appex */,
				581C9AF82FD5DD670092E1E0 /* PersistenceIntegrationTests.xctest */,
			);
			name = Products;
			sourceTree = "<group>";
		};
		581C8E212FC4C4C40092E1E0 /* Frameworks */ = {
			isa = PBXGroup;
			children = (
				581C8E222FC4C4C40092E1E0 /* WidgetKit.framework */,
				581C8E242FC4C4C40092E1E0 /* SwiftUI.framework */,
			);
			name = Frameworks;
			sourceTree = "<group>";
		};
/* End PBXGroup section */

/* Begin PBXNativeTarget section */
		1A0000000000000000000010 /* Tonnage */ = {
			isa = PBXNativeTarget;
			buildConfigurationList = 1A0000000000000000000011 /* Build configuration list for PBXNativeTarget "Tonnage" */;
			buildPhases = (
				1A0000000000000000000014 /* Sources */,
				1A0000000000000000000015 /* Frameworks */,
				1A0000000000000000000016 /* Resources */,
				1A0000000000000000000017 /* Embed Watch Content */,
				581C8E352FC4C4C50092E1E0 /* Embed Foundation Extensions */,
			);
			buildRules = (
			);
			dependencies = (
				1A000000000000000000001A /* PBXTargetDependency */,
				581C8E332FC4C4C50092E1E0 /* PBXTargetDependency */,
			);
			fileSystemSynchronizedGroups = (
				1A0000000000000000000019 /* Tonnage */,
			);
			name = Tonnage;
			packageProductDependencies = (
				1A000000000000000000001D /* TonnageCore */,
			);
			productName = Tonnage;
			productReference = 1A0000000000000000000018 /* Tonnage.app */;
			productType = "com.apple.product-type.application";
		};
		1A0000000000000000000020 /* Tonnage Watch App */ = {
			isa = PBXNativeTarget;
			buildConfigurationList = 1A0000000000000000000021 /* Build configuration list for PBXNativeTarget "Tonnage Watch App" */;
			buildPhases = (
				1A0000000000000000000024 /* Sources */,
				1A0000000000000000000025 /* Frameworks */,
				1A0000000000000000000026 /* Resources */,
				581C8FD62FC4CBAA0092E1E0 /* Embed Foundation Extensions */,
			);
			buildRules = (
			);
			dependencies = (
				581C8FF72FC4CC2F0092E1E0 /* PBXTargetDependency */,
			);
			fileSystemSynchronizedGroups = (
				1A0000000000000000000028 /* Tonnage Watch App */,
			);
			name = "Tonnage Watch App";
			packageProductDependencies = (
				1A000000000000000000002A /* TonnageCore */,
			);
			productName = "Tonnage Watch App";
			productReference = 1A0000000000000000000027 /* Tonnage Watch App.app */;
			productType = "com.apple.product-type.application";
		};
		581C8E1F2FC4C4C40092E1E0 /* TonnageWidgetsExtension */ = {
			isa = PBXNativeTarget;
			buildConfigurationList = 581C8E392FC4C4C50092E1E0 /* Build configuration list for PBXNativeTarget "TonnageWidgetsExtension" */;
			buildPhases = (
				581C8E1C2FC4C4C40092E1E0 /* Sources */,
				581C8E1D2FC4C4C40092E1E0 /* Frameworks */,
				581C8E1E2FC4C4C40092E1E0 /* Resources */,
			);
			buildRules = (
			);
			dependencies = (
			);
			fileSystemSynchronizedGroups = (
				581C8E262FC4C4C40092E1E0 /* TonnageWidgets */,
			);
			name = TonnageWidgetsExtension;
			packageProductDependencies = (
				1A000000000000000000003D /* TonnageCore */,
			);
			productName = TonnageWidgetsExtension;
			productReference = 581C8E202FC4C4C40092E1E0 /* TonnageWidgetsExtension.appex */;
			productType = "com.apple.product-type.app-extension";
		};
		581C8FE62FC4CC2F0092E1E0 /* TonnageWatchWidgets */ = {
			isa = PBXNativeTarget;
			buildConfigurationList = 581C8FFA2FC4CC2F0092E1E0 /* Build configuration list for PBXNativeTarget "TonnageWatchWidgets" */;
			buildPhases = (
				581C8FE32FC4CC2F0092E1E0 /* Sources */,
				581C8FE42FC4CC2F0092E1E0 /* Frameworks */,
				581C8FE52FC4CC2F0092E1E0 /* Resources */,
			);
			buildRules = (
			);
			dependencies = (
			);
			fileSystemSynchronizedGroups = (
				581C8FEA2FC4CC2F0092E1E0 /* TonnageWatchWidgets */,
			);
			name = TonnageWatchWidgets;
			packageProductDependencies = (
				1A000000000000000000003F /* TonnageCore */,
			);
			productName = TonnageWidgetsExtension;
			productReference = 581C8FE72FC4CC2F0092E1E0 /* TonnageWatchWidgets.appex */;
			productType = "com.apple.product-type.app-extension";
		};
		581C9AF72FD5DD670092E1E0 /* PersistenceIntegrationTests */ = {
			isa = PBXNativeTarget;
			buildConfigurationList = 581C9AFE2FD5DD670092E1E0 /* Build configuration list for PBXNativeTarget "PersistenceIntegrationTests" */;
			buildPhases = (
				581C9AF42FD5DD670092E1E0 /* Sources */,
				581C9AF52FD5DD670092E1E0 /* Frameworks */,
				581C9AF62FD5DD670092E1E0 /* Resources */,
			);
			buildRules = (
			);
			dependencies = (
				581C9AFD2FD5DD670092E1E0 /* PBXTargetDependency */,
			);
			fileSystemSynchronizedGroups = (
				581C9AF92FD5DD670092E1E0 /* PersistenceIntegrationTests */,
			);
			name = PersistenceIntegrationTests;
			packageProductDependencies = (
			);
			productName = PersistenceIntegrationTests;
			productReference = 581C9AF82FD5DD670092E1E0 /* PersistenceIntegrationTests.xctest */;
			productType = "com.apple.product-type.bundle.unit-test";
		};
/* End PBXNativeTarget section */

/* Begin PBXProject section */
		1A00000000000000000000A1 /* Project object */ = {
			isa = PBXProject;
			attributes = {
				BuildIndependentTargetsInParallel = 1;
				LastSwiftUpdateCheck = 2610;
				LastUpgradeCheck = 2610;
				TargetAttributes = {
					1A0000000000000000000010 = {
						CreatedOnToolsVersion = 26.1.1;
					};
					1A0000000000000000000020 = {
						CreatedOnToolsVersion = 26.1.1;
					};
					581C8E1F2FC4C4C40092E1E0 = {
						CreatedOnToolsVersion = 26.1.1;
					};
					581C8FE62FC4CC2F0092E1E0 = {
						CreatedOnToolsVersion = 26.1.1;
					};
					581C9AF72FD5DD670092E1E0 = {
						CreatedOnToolsVersion = 26.1.1;
						TestTargetID = 1A0000000000000000000010;
					};
				};
			};
			buildConfigurationList = 1A00000000000000000000A4 /* Build configuration list for PBXProject "Tonnage" */;
			compatibilityVersion = "Xcode 14.0";
			developmentRegion = en;
			hasScannedForEncodings = 0;
			knownRegions = (
				en,
				Base,
			);
			mainGroup = 1A00000000000000000000A2;
			minimizedProjectReferenceProxies = 1;
			packageReferences = (
				1A00000000000000000000A7 /* XCLocalSwiftPackageReference "TonnageCore" */,
			);
			productRefGroup = 1A00000000000000000000A3 /* Products */;
			projectDirPath = "";
			projectRoot = "";
			targets = (
				1A0000000000000000000010 /* Tonnage */,
				1A0000000000000000000020 /* Tonnage Watch App */,
				581C8E1F2FC4C4C40092E1E0 /* TonnageWidgetsExtension */,
				581C8FE62FC4CC2F0092E1E0 /* TonnageWatchWidgets */,
				581C9AF72FD5DD670092E1E0 /* PersistenceIntegrationTests */,
			);
		};
/* End PBXProject section */

/* Begin PBXResourcesBuildPhase section */
		1A0000000000000000000016 /* Resources */ = {
			isa = PBXResourcesBuildPhase;
			buildActionMask = 2147483647;
			files = (
			);
			runOnlyForDeploymentPostprocessing = 0;
		};
		1A0000000000000000000026 /* Resources */ = {
			isa = PBXResourcesBuildPhase;
			buildActionMask = 2147483647;
			files = (
			);
			runOnlyForDeploymentPostprocessing = 0;
		};
		581C8E1E2FC4C4C40092E1E0 /* Resources */ = {
			isa = PBXResourcesBuildPhase;
			buildActionMask = 2147483647;
			files = (
			);
			runOnlyForDeploymentPostprocessing = 0;
		};
		581C8FE52FC4CC2F0092E1E0 /* Resources */ = {
			isa = PBXResourcesBuildPhase;
			buildActionMask = 2147483647;
			files = (
			);
			runOnlyForDeploymentPostprocessing = 0;
		};
		581C9AF62FD5DD670092E1E0 /* Resources */ = {
			isa = PBXResourcesBuildPhase;
			buildActionMask = 2147483647;
			files = (
			);
			runOnlyForDeploymentPostprocessing = 0;
		};
/* End PBXResourcesBuildPhase section */

/* Begin PBXSourcesBuildPhase section */
		1A0000000000000000000014 /* Sources */ = {
			isa = PBXSourcesBuildPhase;
			buildActionMask = 2147483647;
			files = (
			);
			runOnlyForDeploymentPostprocessing = 0;
		};
		1A0000000000000000000024 /* Sources */ = {
			isa = PBXSourcesBuildPhase;
			buildActionMask = 2147483647;
			files = (
			);
			runOnlyForDeploymentPostprocessing = 0;
		};
		581C8E1C2FC4C4C40092E1E0 /* Sources */ = {
			isa = PBXSourcesBuildPhase;
			buildActionMask = 2147483647;
			files = (
			);
			runOnlyForDeploymentPostprocessing = 0;
		};
		581C8FE32FC4CC2F0092E1E0 /* Sources */ = {
			isa = PBXSourcesBuildPhase;
			buildActionMask = 2147483647;
			files = (
			);
			runOnlyForDeploymentPostprocessing = 0;
		};
		581C9AF42FD5DD670092E1E0 /* Sources */ = {
			isa = PBXSourcesBuildPhase;
			buildActionMask = 2147483647;
			files = (
			);
			runOnlyForDeploymentPostprocessing = 0;
		};
/* End PBXSourcesBuildPhase section */

/* Begin PBXTargetDependency section */
		1A000000000000000000001A /* PBXTargetDependency */ = {
			isa = PBXTargetDependency;
			target = 1A0000000000000000000020 /* Tonnage Watch App */;
			targetProxy = 1A000000000000000000001B /* PBXContainerItemProxy */;
		};
		581C8E332FC4C4C50092E1E0 /* PBXTargetDependency */ = {
			isa = PBXTargetDependency;
			target = 581C8E1F2FC4C4C40092E1E0 /* TonnageWidgetsExtension */;
			targetProxy = 581C8E322FC4C4C50092E1E0 /* PBXContainerItemProxy */;
		};
		581C8FF72FC4CC2F0092E1E0 /* PBXTargetDependency */ = {
			isa = PBXTargetDependency;
			target = 581C8FE62FC4CC2F0092E1E0 /* TonnageWatchWidgets */;
			targetProxy = 581C8FF62FC4CC2F0092E1E0 /* PBXContainerItemProxy */;
		};
		581C9AFD2FD5DD670092E1E0 /* PBXTargetDependency */ = {
			isa = PBXTargetDependency;
			target = 1A0000000000000000000010 /* Tonnage */;
			targetProxy = 581C9AFC2FD5DD670092E1E0 /* PBXContainerItemProxy */;
		};
/* End PBXTargetDependency section */

/* Begin XCBuildConfiguration section */
		1A0000000000000000000012 /* Debug */ = {
			isa = XCBuildConfiguration;
			buildSettings = {
				ASSETCATALOG_COMPILER_APPICON_NAME = AppIcon;
				ASSETCATALOG_COMPILER_GENERATE_SWIFT_ASSET_SYMBOL_EXTENSIONS = YES;
				CODE_SIGN_ENTITLEMENTS = Tonnage/Tonnage.entitlements;
				CODE_SIGN_STYLE = Automatic;
				CURRENT_PROJECT_VERSION = 24;
				DEVELOPMENT_TEAM = JZD8V9F4P6;
				ENABLE_PREVIEWS = YES;
				GENERATE_INFOPLIST_FILE = YES;
				INFOPLIST_FILE = Tonnage/Info.plist;
				INFOPLIST_KEY_ITSAppUsesNonExemptEncryption = NO;
				INFOPLIST_KEY_NSHealthShareUsageDescription = "Tonnage reads your bodyweight, sleep, heart rate, heart-rate variability, active energy, and workouts to score your daily readiness, track recomp, and tailor your coaching.";
				INFOPLIST_KEY_NSHealthUpdateUsageDescription = "Tonnage saves your workouts and bodyweight to Apple Health.";
				INFOPLIST_KEY_NSSupportsLiveActivities = YES;
				INFOPLIST_KEY_UIApplicationSceneManifest_Generation = YES;
				INFOPLIST_KEY_UIApplicationSupportsIndirectInputEvents = YES;
				INFOPLIST_KEY_UILaunchStoryboardName = LaunchScreen;
				INFOPLIST_KEY_UISupportedInterfaceOrientations = UIInterfaceOrientationPortrait;
				IPHONEOS_DEPLOYMENT_TARGET = 26.0;
				LD_RUNPATH_SEARCH_PATHS = (
					"$(inherited)",
					"@executable_path/Frameworks",
				);
				MARKETING_VERSION = 1.0;
				PRODUCT_BUNDLE_IDENTIFIER = com.dwayne.tonnage;
				PRODUCT_NAME = "$(TARGET_NAME)";
				SDKROOT = iphoneos;
				SUPPORTED_PLATFORMS = "iphoneos iphonesimulator";
				SWIFT_EMIT_LOC_STRINGS = YES;
				TARGETED_DEVICE_FAMILY = 1;
			};
			name = Debug;
		};
		1A0000000000000000000013 /* Release */ = {
			isa = XCBuildConfiguration;
			buildSettings = {
				ASSETCATALOG_COMPILER_APPICON_NAME = AppIcon;
				ASSETCATALOG_COMPILER_GENERATE_SWIFT_ASSET_SYMBOL_EXTENSIONS = YES;
				CODE_SIGN_ENTITLEMENTS = Tonnage/Tonnage.entitlements;
				CODE_SIGN_STYLE = Automatic;
				CURRENT_PROJECT_VERSION = 24;
				DEVELOPMENT_TEAM = JZD8V9F4P6;
				ENABLE_PREVIEWS = YES;
				GENERATE_INFOPLIST_FILE = YES;
				INFOPLIST_FILE = Tonnage/Info.plist;
				INFOPLIST_KEY_ITSAppUsesNonExemptEncryption = NO;
				INFOPLIST_KEY_NSHealthShareUsageDescription = "Tonnage reads your bodyweight, sleep, heart rate, heart-rate variability, active energy, and workouts to score your daily readiness, track recomp, and tailor your coaching.";
				INFOPLIST_KEY_NSHealthUpdateUsageDescription = "Tonnage saves your workouts and bodyweight to Apple Health.";
				INFOPLIST_KEY_NSSupportsLiveActivities = YES;
				INFOPLIST_KEY_UIApplicationSceneManifest_Generation = YES;
				INFOPLIST_KEY_UIApplicationSupportsIndirectInputEvents = YES;
				INFOPLIST_KEY_UILaunchStoryboardName = LaunchScreen;
				INFOPLIST_KEY_UISupportedInterfaceOrientations = UIInterfaceOrientationPortrait;
				IPHONEOS_DEPLOYMENT_TARGET = 26.0;
				LD_RUNPATH_SEARCH_PATHS = (
					"$(inherited)",
					"@executable_path/Frameworks",
				);
				MARKETING_VERSION = 1.0;
				PRODUCT_BUNDLE_IDENTIFIER = com.dwayne.tonnage;
				PRODUCT_NAME = "$(TARGET_NAME)";
				SDKROOT = iphoneos;
				SUPPORTED_PLATFORMS = "iphoneos iphonesimulator";
				SWIFT_EMIT_LOC_STRINGS = YES;
				TARGETED_DEVICE_FAMILY = 1;
			};
			name = Release;
		};
		1A0000000000000000000022 /* Debug */ = {
			isa = XCBuildConfiguration;
			buildSettings = {
				ASSETCATALOG_COMPILER_APPICON_NAME = AppIcon;
				ASSETCATALOG_COMPILER_GENERATE_SWIFT_ASSET_SYMBOL_EXTENSIONS = YES;
				CODE_SIGN_ENTITLEMENTS = "Tonnage Watch App/Tonnage Watch App.entitlements";
				CODE_SIGN_STYLE = Automatic;
				CURRENT_PROJECT_VERSION = 24;
				DEVELOPMENT_TEAM = JZD8V9F4P6;
				ENABLE_PREVIEWS = YES;
				GENERATE_INFOPLIST_FILE = YES;
				INFOPLIST_KEY_CFBundleDisplayName = Tonnage;
				INFOPLIST_KEY_NSHealthShareUsageDescription = "Tonnage reads heart rate during your watch workouts.";
				INFOPLIST_KEY_NSHealthUpdateUsageDescription = "Tonnage saves your watch workouts to Apple Health.";
				INFOPLIST_KEY_WKApplication = YES;
				INFOPLIST_KEY_WKCompanionAppBundleIdentifier = com.dwayne.tonnage;
				LD_RUNPATH_SEARCH_PATHS = (
					"$(inherited)",
					"@executable_path/Frameworks",
				);
				MARKETING_VERSION = 1.0;
				PRODUCT_BUNDLE_IDENTIFIER = com.dwayne.tonnage.watchkitapp;
				PRODUCT_NAME = "$(TARGET_NAME)";
				SDKROOT = watchos;
				SKIP_INSTALL = YES;
				SUPPORTED_PLATFORMS = "watchos watchsimulator";
				SWIFT_EMIT_LOC_STRINGS = YES;
				TARGETED_DEVICE_FAMILY = 4;
				WATCHOS_DEPLOYMENT_TARGET = 26.0;
			};
			name = Debug;
		};
		1A0000000000000000000023 /* Release */ = {
			isa = XCBuildConfiguration;
			buildSettings = {
				ASSETCATALOG_COMPILER_APPICON_NAME = AppIcon;
				ASSETCATALOG_COMPILER_GENERATE_SWIFT_ASSET_SYMBOL_EXTENSIONS = YES;
				CODE_SIGN_ENTITLEMENTS = "Tonnage Watch App/Tonnage Watch App.entitlements";
				CODE_SIGN_STYLE = Automatic;
				CURRENT_PROJECT_VERSION = 24;
				DEVELOPMENT_TEAM = JZD8V9F4P6;
				ENABLE_PREVIEWS = YES;
				GENERATE_INFOPLIST_FILE = YES;
				INFOPLIST_KEY_CFBundleDisplayName = Tonnage;
				INFOPLIST_KEY_NSHealthShareUsageDescription = "Tonnage reads heart rate during your watch workouts.";
				INFOPLIST_KEY_NSHealthUpdateUsageDescription = "Tonnage saves your watch workouts to Apple Health.";
				INFOPLIST_KEY_WKApplication = YES;
				INFOPLIST_KEY_WKCompanionAppBundleIdentifier = com.dwayne.tonnage;
				LD_RUNPATH_SEARCH_PATHS = (
					"$(inherited)",
					"@executable_path/Frameworks",
				);
				MARKETING_VERSION = 1.0;
				PRODUCT_BUNDLE_IDENTIFIER = com.dwayne.tonnage.watchkitapp;
				PRODUCT_NAME = "$(TARGET_NAME)";
				SDKROOT = watchos;
				SKIP_INSTALL = YES;
				SUPPORTED_PLATFORMS = "watchos watchsimulator";
				SWIFT_EMIT_LOC_STRINGS = YES;
				TARGETED_DEVICE_FAMILY = 4;
				WATCHOS_DEPLOYMENT_TARGET = 26.0;
			};
			name = Release;
		};
		1A00000000000000000000A5 /* Debug */ = {
			isa = XCBuildConfiguration;
			buildSettings = {
				ALWAYS_SEARCH_USER_PATHS = NO;
				CLANG_ENABLE_MODULES = YES;
				CLANG_ENABLE_OBJC_ARC = YES;
				COPY_PHASE_STRIP = NO;
				DEBUG_INFORMATION_FORMAT = dwarf;
				ENABLE_STRICT_OBJC_MSGSEND = YES;
				ENABLE_TESTABILITY = YES;
				ENABLE_USER_SCRIPT_SANDBOXING = YES;
				GCC_C_LANGUAGE_STANDARD = gnu17;
				GCC_DYNAMIC_NO_PIC = NO;
				GCC_NO_COMMON_BLOCKS = YES;
				GCC_OPTIMIZATION_LEVEL = 0;
				GCC_PREPROCESSOR_DEFINITIONS = (
					"DEBUG=1",
					"$(inherited)",
				);
				MTL_ENABLE_DEBUG_INFO = INCLUDE_SOURCE;
				MTL_FAST_MATH = YES;
				ONLY_ACTIVE_ARCH = YES;
				SWIFT_ACTIVE_COMPILATION_CONDITIONS = "DEBUG $(inherited)";
				SWIFT_OPTIMIZATION_LEVEL = "-Onone";
				SWIFT_VERSION = 6.0;
			};
			name = Debug;
		};
		1A00000000000000000000A6 /* Release */ = {
			isa = XCBuildConfiguration;
			buildSettings = {
				ALWAYS_SEARCH_USER_PATHS = NO;
				CLANG_ENABLE_MODULES = YES;
				CLANG_ENABLE_OBJC_ARC = YES;
				COPY_PHASE_STRIP = NO;
				DEBUG_INFORMATION_FORMAT = "dwarf-with-dsym";
				ENABLE_NS_ASSERTIONS = NO;
				ENABLE_STRICT_OBJC_MSGSEND = YES;
				ENABLE_USER_SCRIPT_SANDBOXING = YES;
				GCC_C_LANGUAGE_STANDARD = gnu17;
				GCC_NO_COMMON_BLOCKS = YES;
				MTL_ENABLE_DEBUG_INFO = NO;
				MTL_FAST_MATH = YES;
				SWIFT_COMPILATION_MODE = wholemodule;
				SWIFT_OPTIMIZATION_LEVEL = "-O";
				SWIFT_VERSION = 6.0;
				VALIDATE_PRODUCT = YES;
			};
			name = Release;
		};
		581C8E362FC4C4C50092E1E0 /* Debug */ = {
			isa = XCBuildConfiguration;
			buildSettings = {
				ASSETCATALOG_COMPILER_GENERATE_SWIFT_ASSET_SYMBOL_EXTENSIONS = YES;
				ASSETCATALOG_COMPILER_GLOBAL_ACCENT_COLOR_NAME = AccentColor;
				ASSETCATALOG_COMPILER_WIDGET_BACKGROUND_COLOR_NAME = WidgetBackground;
				CLANG_ANALYZER_NONNULL = YES;
				CLANG_ANALYZER_NUMBER_OBJECT_CONVERSION = YES_AGGRESSIVE;
				CLANG_CXX_LANGUAGE_STANDARD = "gnu++20";
				CLANG_ENABLE_OBJC_WEAK = YES;
				CLANG_WARN_BLOCK_CAPTURE_AUTORELEASING = YES;
				CLANG_WARN_BOOL_CONVERSION = YES;
				CLANG_WARN_COMMA = YES;
				CLANG_WARN_CONSTANT_CONVERSION = YES;
				CLANG_WARN_DEPRECATED_OBJC_IMPLEMENTATIONS = YES;
				CLANG_WARN_DIRECT_OBJC_ISA_USAGE = YES_ERROR;
				CLANG_WARN_DOCUMENTATION_COMMENTS = YES;
				CLANG_WARN_EMPTY_BODY = YES;
				CLANG_WARN_ENUM_CONVERSION = YES;
				CLANG_WARN_INFINITE_RECURSION = YES;
				CLANG_WARN_INT_CONVERSION = YES;
				CLANG_WARN_NON_LITERAL_NULL_CONVERSION = YES;
				CLANG_WARN_OBJC_IMPLICIT_RETAIN_SELF = YES;
				CLANG_WARN_OBJC_LITERAL_CONVERSION = YES;
				CLANG_WARN_OBJC_ROOT_CLASS = YES_ERROR;
				CLANG_WARN_QUOTED_INCLUDE_IN_FRAMEWORK_HEADER = YES;
				CLANG_WARN_RANGE_LOOP_ANALYSIS = YES;
				CLANG_WARN_STRICT_PROTOTYPES = YES;
				CLANG_WARN_SUSPICIOUS_MOVE = YES;
				CLANG_WARN_UNGUARDED_AVAILABILITY = YES_AGGRESSIVE;
				CLANG_WARN_UNREACHABLE_CODE = YES;
				CLANG_WARN__DUPLICATE_METHOD_MATCH = YES;
				CODE_SIGN_ENTITLEMENTS = TonnageWidgetsExtension.entitlements;
				CODE_SIGN_STYLE = Automatic;
				CURRENT_PROJECT_VERSION = 24;
				DEVELOPMENT_TEAM = JZD8V9F4P6;
				GCC_WARN_64_TO_32_BIT_CONVERSION = YES;
				GCC_WARN_ABOUT_RETURN_TYPE = YES_ERROR;
				GCC_WARN_UNDECLARED_SELECTOR = YES;
				GCC_WARN_UNINITIALIZED_AUTOS = YES_AGGRESSIVE;
				GCC_WARN_UNUSED_FUNCTION = YES;
				GCC_WARN_UNUSED_VARIABLE = YES;
				GENERATE_INFOPLIST_FILE = YES;
				INFOPLIST_FILE = TonnageWidgets/Info.plist;
				INFOPLIST_KEY_CFBundleDisplayName = TonnageWidgets;
				INFOPLIST_KEY_NSHumanReadableCopyright = "";
				IPHONEOS_DEPLOYMENT_TARGET = 26.1;
				LD_RUNPATH_SEARCH_PATHS = (
					"$(inherited)",
					"@executable_path/Frameworks",
					"@executable_path/../../Frameworks",
				);
				LOCALIZATION_PREFERS_STRING_CATALOGS = YES;
				MARKETING_VERSION = 1.0;
				PRODUCT_BUNDLE_IDENTIFIER = com.dwayne.tonnage.TonnageWidgets;
				PRODUCT_NAME = "$(TARGET_NAME)";
				SDKROOT = iphoneos;
				SKIP_INSTALL = YES;
				STRING_CATALOG_GENERATE_SYMBOLS = YES;
				SWIFT_APPROACHABLE_CONCURRENCY = YES;
				SWIFT_EMIT_LOC_STRINGS = YES;
				SWIFT_UPCOMING_FEATURE_MEMBER_IMPORT_VISIBILITY = YES;
				SWIFT_VERSION = 5.0;
				TARGETED_DEVICE_FAMILY = "1,2";
			};
			name = Debug;
		};
		581C8E372FC4C4C50092E1E0 /* Release */ = {
			isa = XCBuildConfiguration;
			buildSettings = {
				ASSETCATALOG_COMPILER_GENERATE_SWIFT_ASSET_SYMBOL_EXTENSIONS = YES;
				ASSETCATALOG_COMPILER_GLOBAL_ACCENT_COLOR_NAME = AccentColor;
				ASSETCATALOG_COMPILER_WIDGET_BACKGROUND_COLOR_NAME = WidgetBackground;
				CLANG_ANALYZER_NONNULL = YES;
				CLANG_ANALYZER_NUMBER_OBJECT_CONVERSION = YES_AGGRESSIVE;
				CLANG_CXX_LANGUAGE_STANDARD = "gnu++20";
				CLANG_ENABLE_OBJC_WEAK = YES;
				CLANG_WARN_BLOCK_CAPTURE_AUTORELEASING = YES;
				CLANG_WARN_BOOL_CONVERSION = YES;
				CLANG_WARN_COMMA = YES;
				CLANG_WARN_CONSTANT_CONVERSION = YES;
				CLANG_WARN_DEPRECATED_OBJC_IMPLEMENTATIONS = YES;
				CLANG_WARN_DIRECT_OBJC_ISA_USAGE = YES_ERROR;
				CLANG_WARN_DOCUMENTATION_COMMENTS = YES;
				CLANG_WARN_EMPTY_BODY = YES;
				CLANG_WARN_ENUM_CONVERSION = YES;
				CLANG_WARN_INFINITE_RECURSION = YES;
				CLANG_WARN_INT_CONVERSION = YES;
				CLANG_WARN_NON_LITERAL_NULL_CONVERSION = YES;
				CLANG_WARN_OBJC_IMPLICIT_RETAIN_SELF = YES;
				CLANG_WARN_OBJC_LITERAL_CONVERSION = YES;
				CLANG_WARN_OBJC_ROOT_CLASS = YES_ERROR;
				CLANG_WARN_QUOTED_INCLUDE_IN_FRAMEWORK_HEADER = YES;
				CLANG_WARN_RANGE_LOOP_ANALYSIS = YES;
				CLANG_WARN_STRICT_PROTOTYPES = YES;
				CLANG_WARN_SUSPICIOUS_MOVE = YES;
				CLANG_WARN_UNGUARDED_AVAILABILITY = YES_AGGRESSIVE;
				CLANG_WARN_UNREACHABLE_CODE = YES;
				CLANG_WARN__DUPLICATE_METHOD_MATCH = YES;
				CODE_SIGN_ENTITLEMENTS = TonnageWidgetsExtension.entitlements;
				CODE_SIGN_STYLE = Automatic;
				CURRENT_PROJECT_VERSION = 24;
				DEVELOPMENT_TEAM = JZD8V9F4P6;
				GCC_WARN_64_TO_32_BIT_CONVERSION = YES;
				GCC_WARN_ABOUT_RETURN_TYPE = YES_ERROR;
				GCC_WARN_UNDECLARED_SELECTOR = YES;
				GCC_WARN_UNINITIALIZED_AUTOS = YES_AGGRESSIVE;
				GCC_WARN_UNUSED_FUNCTION = YES;
				GCC_WARN_UNUSED_VARIABLE = YES;
				GENERATE_INFOPLIST_FILE = YES;
				INFOPLIST_FILE = TonnageWidgets/Info.plist;
				INFOPLIST_KEY_CFBundleDisplayName = TonnageWidgets;
				INFOPLIST_KEY_NSHumanReadableCopyright = "";
				IPHONEOS_DEPLOYMENT_TARGET = 26.1;
				LD_RUNPATH_SEARCH_PATHS = (
					"$(inherited)",
					"@executable_path/Frameworks",
					"@executable_path/../../Frameworks",
				);
				LOCALIZATION_PREFERS_STRING_CATALOGS = YES;
				MARKETING_VERSION = 1.0;
				PRODUCT_BUNDLE_IDENTIFIER = com.dwayne.tonnage.TonnageWidgets;
				PRODUCT_NAME = "$(TARGET_NAME)";
				SDKROOT = iphoneos;
				SKIP_INSTALL = YES;
				STRING_CATALOG_GENERATE_SYMBOLS = YES;
				SWIFT_APPROACHABLE_CONCURRENCY = YES;
				SWIFT_EMIT_LOC_STRINGS = YES;
				SWIFT_UPCOMING_FEATURE_MEMBER_IMPORT_VISIBILITY = YES;
				SWIFT_VERSION = 5.0;
				TARGETED_DEVICE_FAMILY = "1,2";
			};
			name = Release;
		};
		581C8FFB2FC4CC2F0092E1E0 /* Debug */ = {
			isa = XCBuildConfiguration;
			buildSettings = {
				ASSETCATALOG_COMPILER_GENERATE_SWIFT_ASSET_SYMBOL_EXTENSIONS = YES;
				ASSETCATALOG_COMPILER_GLOBAL_ACCENT_COLOR_NAME = AccentColor;
				ASSETCATALOG_COMPILER_WIDGET_BACKGROUND_COLOR_NAME = WidgetBackground;
				CLANG_ANALYZER_NONNULL = YES;
				CLANG_ANALYZER_NUMBER_OBJECT_CONVERSION = YES_AGGRESSIVE;
				CLANG_CXX_LANGUAGE_STANDARD = "gnu++20";
				CLANG_ENABLE_OBJC_WEAK = YES;
				CLANG_WARN_BLOCK_CAPTURE_AUTORELEASING = YES;
				CLANG_WARN_BOOL_CONVERSION = YES;
				CLANG_WARN_COMMA = YES;
				CLANG_WARN_CONSTANT_CONVERSION = YES;
				CLANG_WARN_DEPRECATED_OBJC_IMPLEMENTATIONS = YES;
				CLANG_WARN_DIRECT_OBJC_ISA_USAGE = YES_ERROR;
				CLANG_WARN_DOCUMENTATION_COMMENTS = YES;
				CLANG_WARN_EMPTY_BODY = YES;
				CLANG_WARN_ENUM_CONVERSION = YES;
				CLANG_WARN_INFINITE_RECURSION = YES;
				CLANG_WARN_INT_CONVERSION = YES;
				CLANG_WARN_NON_LITERAL_NULL_CONVERSION = YES;
				CLANG_WARN_OBJC_IMPLICIT_RETAIN_SELF = YES;
				CLANG_WARN_OBJC_LITERAL_CONVERSION = YES;
				CLANG_WARN_OBJC_ROOT_CLASS = YES_ERROR;
				CLANG_WARN_QUOTED_INCLUDE_IN_FRAMEWORK_HEADER = YES;
				CLANG_WARN_RANGE_LOOP_ANALYSIS = YES;
				CLANG_WARN_STRICT_PROTOTYPES = YES;
				CLANG_WARN_SUSPICIOUS_MOVE = YES;
				CLANG_WARN_UNGUARDED_AVAILABILITY = YES_AGGRESSIVE;
				CLANG_WARN_UNREACHABLE_CODE = YES;
				CLANG_WARN__DUPLICATE_METHOD_MATCH = YES;
				CODE_SIGN_ENTITLEMENTS = TonnageWatchWidgets.entitlements;
				CODE_SIGN_STYLE = Automatic;
				CURRENT_PROJECT_VERSION = 24;
				DEVELOPMENT_TEAM = JZD8V9F4P6;
				GCC_WARN_64_TO_32_BIT_CONVERSION = YES;
				GCC_WARN_ABOUT_RETURN_TYPE = YES_ERROR;
				GCC_WARN_UNDECLARED_SELECTOR = YES;
				GCC_WARN_UNINITIALIZED_AUTOS = YES_AGGRESSIVE;
				GCC_WARN_UNUSED_FUNCTION = YES;
				GCC_WARN_UNUSED_VARIABLE = YES;
				GENERATE_INFOPLIST_FILE = YES;
				INFOPLIST_FILE = TonnageWatchWidgets/Info.plist;
				INFOPLIST_KEY_CFBundleDisplayName = Tonnage;
				INFOPLIST_KEY_NSHumanReadableCopyright = "";
				LD_RUNPATH_SEARCH_PATHS = (
					"$(inherited)",
					"@executable_path/Frameworks",
					"@executable_path/../../Frameworks",
					"@executable_path/../../../../Frameworks",
				);
				LOCALIZATION_PREFERS_STRING_CATALOGS = YES;
				MARKETING_VERSION = 1.0;
				PRODUCT_BUNDLE_IDENTIFIER = com.dwayne.tonnage.watchkitapp.TonnageWidgets;
				PRODUCT_NAME = "$(TARGET_NAME)";
				SDKROOT = watchos;
				SKIP_INSTALL = YES;
				STRING_CATALOG_GENERATE_SYMBOLS = YES;
				SWIFT_APPROACHABLE_CONCURRENCY = YES;
				SWIFT_EMIT_LOC_STRINGS = YES;
				SWIFT_UPCOMING_FEATURE_MEMBER_IMPORT_VISIBILITY = YES;
				SWIFT_VERSION = 5.0;
				TARGETED_DEVICE_FAMILY = 4;
				WATCHOS_DEPLOYMENT_TARGET = 26.1;
			};
			name = Debug;
		};
		581C8FFC2FC4CC2F0092E1E0 /* Release */ = {
			isa = XCBuildConfiguration;
			buildSettings = {
				ASSETCATALOG_COMPILER_GENERATE_SWIFT_ASSET_SYMBOL_EXTENSIONS = YES;
				ASSETCATALOG_COMPILER_GLOBAL_ACCENT_COLOR_NAME = AccentColor;
				ASSETCATALOG_COMPILER_WIDGET_BACKGROUND_COLOR_NAME = WidgetBackground;
				CLANG_ANALYZER_NONNULL = YES;
				CLANG_ANALYZER_NUMBER_OBJECT_CONVERSION = YES_AGGRESSIVE;
				CLANG_CXX_LANGUAGE_STANDARD = "gnu++20";
				CLANG_ENABLE_OBJC_WEAK = YES;
				CLANG_WARN_BLOCK_CAPTURE_AUTORELEASING = YES;
				CLANG_WARN_BOOL_CONVERSION = YES;
				CLANG_WARN_COMMA = YES;
				CLANG_WARN_CONSTANT_CONVERSION = YES;
				CLANG_WARN_DEPRECATED_OBJC_IMPLEMENTATIONS = YES;
				CLANG_WARN_DIRECT_OBJC_ISA_USAGE = YES_ERROR;
				CLANG_WARN_DOCUMENTATION_COMMENTS = YES;
				CLANG_WARN_EMPTY_BODY = YES;
				CLANG_WARN_ENUM_CONVERSION = YES;
				CLANG_WARN_INFINITE_RECURSION = YES;
				CLANG_WARN_INT_CONVERSION = YES;
				CLANG_WARN_NON_LITERAL_NULL_CONVERSION = YES;
				CLANG_WARN_OBJC_IMPLICIT_RETAIN_SELF = YES;
				CLANG_WARN_OBJC_LITERAL_CONVERSION = YES;
				CLANG_WARN_OBJC_ROOT_CLASS = YES_ERROR;
				CLANG_WARN_QUOTED_INCLUDE_IN_FRAMEWORK_HEADER = YES;
				CLANG_WARN_RANGE_LOOP_ANALYSIS = YES;
				CLANG_WARN_STRICT_PROTOTYPES = YES;
				CLANG_WARN_SUSPICIOUS_MOVE = YES;
				CLANG_WARN_UNGUARDED_AVAILABILITY = YES_AGGRESSIVE;
				CLANG_WARN_UNREACHABLE_CODE = YES;
				CLANG_WARN__DUPLICATE_METHOD_MATCH = YES;
				CODE_SIGN_ENTITLEMENTS = TonnageWatchWidgets.entitlements;
				CODE_SIGN_STYLE = Automatic;
				CURRENT_PROJECT_VERSION = 24;
				DEVELOPMENT_TEAM = JZD8V9F4P6;
				GCC_WARN_64_TO_32_BIT_CONVERSION = YES;
				GCC_WARN_ABOUT_RETURN_TYPE = YES_ERROR;
				GCC_WARN_UNDECLARED_SELECTOR = YES;
				GCC_WARN_UNINITIALIZED_AUTOS = YES_AGGRESSIVE;
				GCC_WARN_UNUSED_FUNCTION = YES;
				GCC_WARN_UNUSED_VARIABLE = YES;
				GENERATE_INFOPLIST_FILE = YES;
				INFOPLIST_FILE = TonnageWatchWidgets/Info.plist;
				INFOPLIST_KEY_CFBundleDisplayName = Tonnage;
				INFOPLIST_KEY_NSHumanReadableCopyright = "";
				LD_RUNPATH_SEARCH_PATHS = (
					"$(inherited)",
					"@executable_path/Frameworks",
					"@executable_path/../../Frameworks",
					"@executable_path/../../../../Frameworks",
				);
				LOCALIZATION_PREFERS_STRING_CATALOGS = YES;
				MARKETING_VERSION = 1.0;
				PRODUCT_BUNDLE_IDENTIFIER = com.dwayne.tonnage.watchkitapp.TonnageWidgets;
				PRODUCT_NAME = "$(TARGET_NAME)";
				SDKROOT = watchos;
				SKIP_INSTALL = YES;
				STRING_CATALOG_GENERATE_SYMBOLS = YES;
				SWIFT_APPROACHABLE_CONCURRENCY = YES;
				SWIFT_EMIT_LOC_STRINGS = YES;
				SWIFT_UPCOMING_FEATURE_MEMBER_IMPORT_VISIBILITY = YES;
				SWIFT_VERSION = 5.0;
				TARGETED_DEVICE_FAMILY = 4;
				WATCHOS_DEPLOYMENT_TARGET = 26.1;
			};
			name = Release;
		};
		581C9AFF2FD5DD670092E1E0 /* Debug */ = {
			isa = XCBuildConfiguration;
			buildSettings = {
				ASSETCATALOG_COMPILER_GENERATE_SWIFT_ASSET_SYMBOL_EXTENSIONS = YES;
				BUNDLE_LOADER = "$(TEST_HOST)";
				CLANG_ANALYZER_NONNULL = YES;
				CLANG_ANALYZER_NUMBER_OBJECT_CONVERSION = YES_AGGRESSIVE;
				CLANG_CXX_LANGUAGE_STANDARD = "gnu++20";
				CLANG_ENABLE_OBJC_WEAK = YES;
				CLANG_WARN_BLOCK_CAPTURE_AUTORELEASING = YES;
				CLANG_WARN_BOOL_CONVERSION = YES;
				CLANG_WARN_COMMA = YES;
				CLANG_WARN_CONSTANT_CONVERSION = YES;
				CLANG_WARN_DEPRECATED_OBJC_IMPLEMENTATIONS = YES;
				CLANG_WARN_DIRECT_OBJC_ISA_USAGE = YES_ERROR;
				CLANG_WARN_DOCUMENTATION_COMMENTS = YES;
				CLANG_WARN_EMPTY_BODY = YES;
				CLANG_WARN_ENUM_CONVERSION = YES;
				CLANG_WARN_INFINITE_RECURSION = YES;
				CLANG_WARN_INT_CONVERSION = YES;
				CLANG_WARN_NON_LITERAL_NULL_CONVERSION = YES;
				CLANG_WARN_OBJC_IMPLICIT_RETAIN_SELF = YES;
				CLANG_WARN_OBJC_LITERAL_CONVERSION = YES;
				CLANG_WARN_OBJC_ROOT_CLASS = YES_ERROR;
				CLANG_WARN_QUOTED_INCLUDE_IN_FRAMEWORK_HEADER = YES;
				CLANG_WARN_RANGE_LOOP_ANALYSIS = YES;
				CLANG_WARN_STRICT_PROTOTYPES = YES;
				CLANG_WARN_SUSPICIOUS_MOVE = YES;
				CLANG_WARN_UNGUARDED_AVAILABILITY = YES_AGGRESSIVE;
				CLANG_WARN_UNREACHABLE_CODE = YES;
				CLANG_WARN__DUPLICATE_METHOD_MATCH = YES;
				CODE_SIGN_STYLE = Automatic;
				CURRENT_PROJECT_VERSION = 1;
				DEVELOPMENT_TEAM = JZD8V9F4P6;
				GCC_WARN_64_TO_32_BIT_CONVERSION = YES;
				GCC_WARN_ABOUT_RETURN_TYPE = YES_ERROR;
				GCC_WARN_UNDECLARED_SELECTOR = YES;
				GCC_WARN_UNINITIALIZED_AUTOS = YES_AGGRESSIVE;
				GCC_WARN_UNUSED_FUNCTION = YES;
				GCC_WARN_UNUSED_VARIABLE = YES;
				GENERATE_INFOPLIST_FILE = YES;
				IPHONEOS_DEPLOYMENT_TARGET = 26.1;
				LOCALIZATION_PREFERS_STRING_CATALOGS = YES;
				MARKETING_VERSION = 1.0;
				PRODUCT_BUNDLE_IDENTIFIER = com.dwayne.tonnage.watchkitapp.PersistenceIntegrationTests;
				PRODUCT_NAME = "$(TARGET_NAME)";
				SDKROOT = iphoneos;
				STRING_CATALOG_GENERATE_SYMBOLS = NO;
				SWIFT_APPROACHABLE_CONCURRENCY = YES;
				SWIFT_EMIT_LOC_STRINGS = NO;
				SWIFT_UPCOMING_FEATURE_MEMBER_IMPORT_VISIBILITY = YES;
				SWIFT_VERSION = 5.0;
				TARGETED_DEVICE_FAMILY = "1,2";
				TEST_HOST = "$(BUILT_PRODUCTS_DIR)/Tonnage.app/$(BUNDLE_EXECUTABLE_FOLDER_PATH)/Tonnage";
			};
			name = Debug;
		};
		581C9B002FD5DD670092E1E0 /* Release */ = {
			isa = XCBuildConfiguration;
			buildSettings = {
				ASSETCATALOG_COMPILER_GENERATE_SWIFT_ASSET_SYMBOL_EXTENSIONS = YES;
				BUNDLE_LOADER = "$(TEST_HOST)";
				CLANG_ANALYZER_NONNULL = YES;
				CLANG_ANALYZER_NUMBER_OBJECT_CONVERSION = YES_AGGRESSIVE;
				CLANG_CXX_LANGUAGE_STANDARD = "gnu++20";
				CLANG_ENABLE_OBJC_WEAK = YES;
				CLANG_WARN_BLOCK_CAPTURE_AUTORELEASING = YES;
				CLANG_WARN_BOOL_CONVERSION = YES;
				CLANG_WARN_COMMA = YES;
				CLANG_WARN_CONSTANT_CONVERSION = YES;
				CLANG_WARN_DEPRECATED_OBJC_IMPLEMENTATIONS = YES;
				CLANG_WARN_DIRECT_OBJC_ISA_USAGE = YES_ERROR;
				CLANG_WARN_DOCUMENTATION_COMMENTS = YES;
				CLANG_WARN_EMPTY_BODY = YES;
				CLANG_WARN_ENUM_CONVERSION = YES;
				CLANG_WARN_INFINITE_RECURSION = YES;
				CLANG_WARN_INT_CONVERSION = YES;
				CLANG_WARN_NON_LITERAL_NULL_CONVERSION = YES;
				CLANG_WARN_OBJC_IMPLICIT_RETAIN_SELF = YES;
				CLANG_WARN_OBJC_LITERAL_CONVERSION = YES;
				CLANG_WARN_OBJC_ROOT_CLASS = YES_ERROR;
				CLANG_WARN_QUOTED_INCLUDE_IN_FRAMEWORK_HEADER = YES;
				CLANG_WARN_RANGE_LOOP_ANALYSIS = YES;
				CLANG_WARN_STRICT_PROTOTYPES = YES;
				CLANG_WARN_SUSPICIOUS_MOVE = YES;
				CLANG_WARN_UNGUARDED_AVAILABILITY = YES_AGGRESSIVE;
				CLANG_WARN_UNREACHABLE_CODE = YES;
				CLANG_WARN__DUPLICATE_METHOD_MATCH = YES;
				CODE_SIGN_STYLE = Automatic;
				CURRENT_PROJECT_VERSION = 1;
				DEVELOPMENT_TEAM = JZD8V9F4P6;
				GCC_WARN_64_TO_32_BIT_CONVERSION = YES;
				GCC_WARN_ABOUT_RETURN_TYPE = YES_ERROR;
				GCC_WARN_UNDECLARED_SELECTOR = YES;
				GCC_WARN_UNINITIALIZED_AUTOS = YES_AGGRESSIVE;
				GCC_WARN_UNUSED_FUNCTION = YES;
				GCC_WARN_UNUSED_VARIABLE = YES;
				GENERATE_INFOPLIST_FILE = YES;
				IPHONEOS_DEPLOYMENT_TARGET = 26.1;
				LOCALIZATION_PREFERS_STRING_CATALOGS = YES;
				MARKETING_VERSION = 1.0;
				PRODUCT_BUNDLE_IDENTIFIER = com.dwayne.tonnage.watchkitapp.PersistenceIntegrationTests;
				PRODUCT_NAME = "$(TARGET_NAME)";
				SDKROOT = iphoneos;
				STRING_CATALOG_GENERATE_SYMBOLS = NO;
				SWIFT_APPROACHABLE_CONCURRENCY = YES;
				SWIFT_EMIT_LOC_STRINGS = NO;
				SWIFT_UPCOMING_FEATURE_MEMBER_IMPORT_VISIBILITY = YES;
				SWIFT_VERSION = 5.0;
				TARGETED_DEVICE_FAMILY = "1,2";
				TEST_HOST = "$(BUILT_PRODUCTS_DIR)/Tonnage.app/$(BUNDLE_EXECUTABLE_FOLDER_PATH)/Tonnage";
			};
			name = Release;
		};
/* End XCBuildConfiguration section */

/* Begin XCConfigurationList section */
		1A0000000000000000000011 /* Build configuration list for PBXNativeTarget "Tonnage" */ = {
			isa = XCConfigurationList;
			buildConfigurations = (
				1A0000000000000000000012 /* Debug */,
				1A0000000000000000000013 /* Release */,
			);
			defaultConfigurationIsVisible = 0;
			defaultConfigurationName = Release;
		};
		1A0000000000000000000021 /* Build configuration list for PBXNativeTarget "Tonnage Watch App" */ = {
			isa = XCConfigurationList;
			buildConfigurations = (
				1A0000000000000000000022 /* Debug */,
				1A0000000000000000000023 /* Release */,
			);
			defaultConfigurationIsVisible = 0;
			defaultConfigurationName = Release;
		};
		1A00000000000000000000A4 /* Build configuration list for PBXProject "Tonnage" */ = {
			isa = XCConfigurationList;
			buildConfigurations = (
				1A00000000000000000000A5 /* Debug */,
				1A00000000000000000000A6 /* Release */,
			);
			defaultConfigurationIsVisible = 0;
			defaultConfigurationName = Release;
		};
		581C8E392FC4C4C50092E1E0 /* Build configuration list for PBXNativeTarget "TonnageWidgetsExtension" */ = {
			isa = XCConfigurationList;
			buildConfigurations = (
				581C8E362FC4C4C50092E1E0 /* Debug */,
				581C8E372FC4C4C50092E1E0 /* Release */,
			);
			defaultConfigurationIsVisible = 0;
			defaultConfigurationName = Release;
		};
		581C8FFA2FC4CC2F0092E1E0 /* Build configuration list for PBXNativeTarget "TonnageWatchWidgets" */ = {
			isa = XCConfigurationList;
			buildConfigurations = (
				581C8FFB2FC4CC2F0092E1E0 /* Debug */,
				581C8FFC2FC4CC2F0092E1E0 /* Release */,
			);
			defaultConfigurationIsVisible = 0;
			defaultConfigurationName = Release;
		};
		581C9AFE2FD5DD670092E1E0 /* Build configuration list for PBXNativeTarget "PersistenceIntegrationTests" */ = {
			isa = XCConfigurationList;
			buildConfigurations = (
				581C9AFF2FD5DD670092E1E0 /* Debug */,
				581C9B002FD5DD670092E1E0 /* Release */,
			);
			defaultConfigurationIsVisible = 0;
			defaultConfigurationName = Release;
		};
/* End XCConfigurationList section */

/* Begin XCLocalSwiftPackageReference section */
		1A00000000000000000000A7 /* XCLocalSwiftPackageReference "TonnageCore" */ = {
			isa = XCLocalSwiftPackageReference;
			relativePath = TonnageCore;
		};
/* End XCLocalSwiftPackageReference section */

/* Begin XCSwiftPackageProductDependency section */
		1A000000000000000000001D /* TonnageCore */ = {
			isa = XCSwiftPackageProductDependency;
			productName = TonnageCore;
		};
		1A000000000000000000002A /* TonnageCore */ = {
			isa = XCSwiftPackageProductDependency;
			productName = TonnageCore;
		};
		1A000000000000000000003D /* TonnageCore */ = {
			isa = XCSwiftPackageProductDependency;
			productName = TonnageCore;
		};
		1A000000000000000000003F /* TonnageCore */ = {
			isa = XCSwiftPackageProductDependency;
			productName = TonnageCore;
		};
/* End XCSwiftPackageProductDependency section */
	};
	rootObject = 1A00000000000000000000A1 /* Project object */;
}
